
Microsoft Visual Studio Solution File, Format Version 12.00
# Visual Studio 2012
VisualStudioVersion = 12.0.31101.0
MinimumVisualStudioVersion = 10.0.40219.1
Project("{FAE04EC0-301F-11D3-BF4B-00C04F79EFBC}") = "JSVLib", "JSVLib\JSVLib.csproj", "{049B0F74-274D-45A5-9EC9-CA40ADFDC491}"
EndProject
Project("{FAE04EC0-301F-11D3-BF4B-00C04F79EFBC}") = "JSVLib.Test", "JSVLib.Test\JSVLib.Test.csproj", "{16436674-7682-4EB9-911A-7EE60E66D589}"
EndProject
Project("{FAE04EC0-301F-11D3-BF4B-00C04F79EFBC}") = "Contacts", "Contacts\Contacts.csproj", "{9B663057-C508-4E2B-93E5-79DB172FE17F}"
EndProject
Project("{FAE04EC0-301F-11D3-BF4B-00C04F79EFBC}") = "MatteTraning", "MatteTraning\MatteTraning.csproj", "{2FBDA500-A7BE-4D1E-AB89-2155E9A81D43}"
EndProject
Project("{FAE04EC0-301F-11D3-BF4B-00C04F79EFBC}") = "MyLib", "MyLib\MyLib.csproj", "{439E7A6A-499E-47D7-BF53-5DCF4038C631}"
EndProject
Project("{FAE04EC0-301F-11D3-BF4B-00C04F79EFBC}") = "MyLibTests", "MyLibTests\MyLibTests.csproj", "{BC5284D8-9545-49F8-8A9E-8161CC9AD21E}"
EndProject
Project("{FAE04EC0-301F-11D3-BF4B-00C04F79EFBC}") = "n2www_famsvanstrom_se", "n2www_famsvanstrom_se\n2www_famsvanstrom_se\n2www_famsvanstrom_se.csproj", "{02D12A9F-2305-4597-80BF-3671743AF88D}"
EndProject
Project("{FAE04EC0-301F-11D3-BF4B-00C04F79EFBC}") = "n2www_famsvanstrom_se.Tests", "n2www_famsvanstrom_se\n2www_famsvanstrom_se.Tests\n2www_famsvanstrom_se.Tests.csproj", "{DB0644FF-D410-4E5F-B1F5-8A2A802C4C95}"
EndProject
Project("{FAE04EC0-301F-11D3-BF4B-00C04F79EFBC}") = "playwithcanvas", "playwithcanvas\playwithcanvas.csproj", "{1E6321E0-5920-4D0D-8639-342C305089BC}"
EndProject
Project("{FAE04EC0-301F-11D3-BF4B-00C04F79EFBC}") = "www.fam-svanstrom.se", "www.fam-svanstrom.se\www.fam-svanstrom.se.csproj", "{3D27EA05-1166-44E0-8339-B1E14B186E18}"
EndProject
Project("{FAE04EC0-301F-11D3-BF4B-00C04F79EFBC}") = "www.fam-svanstrom.se.Tests", "www.fam-svanstrom.se.Tests\www.fam-svanstrom.se.Tests.csproj", "{F3315E61-A9DB-4B89-B353-BC88D180C2E5}"
EndProject
Project("{FAE04EC0-301F-11D3-BF4B-00C04F79EFBC}") = "hemstatus.fam-svanstrom.se", "Hemstatus\hemstatus.fam-svanstrom.se\hemstatus.fam-svanstrom.se.csproj", "{3A9E6DF3-4CC6-437D-B3A1-567D32504A84}"
EndProject
Global
	GlobalSection(SolutionConfigurationPlatforms) = preSolution
		Debug|Any CPU = Debug|Any CPU
		Release|Any CPU = Release|Any CPU
	EndGlobalSection
	GlobalSection(ProjectConfigurationPlatforms) = postSolution
		{049B0F74-274D-45A5-9EC9-CA40ADFDC491}.Debug|Any CPU.ActiveCfg = Debug|Any CPU
		{049B0F74-274D-45A5-9EC9-CA40ADFDC491}.Debug|Any CPU.Build.0 = Debug|Any CPU
		{049B0F74-274D-45A5-9EC9-CA40ADFDC491}.Release|Any CPU.ActiveCfg = Release|Any CPU
		{049B0F74-274D-45A5-9EC9-CA40ADFDC491}.Release|Any CPU.Build.0 = Release|Any CPU
		{16436674-7682-4EB9-911A-7EE60E66D589}.Debug|Any CPU.ActiveCfg = Debug|Any CPU
		{16436674-7682-4EB9-911A-7EE60E66D589}.Debug|Any CPU.Build.0 = Debug|Any CPU
		{16436674-7682-4EB9-911A-7EE60E66D589}.Release|Any CPU.ActiveCfg = Release|Any CPU
		{16436674-7682-4EB9-911A-7EE60E66D589}.Release|Any CPU.Build.0 = Release|Any CPU
		{9B663057-C508-4E2B-93E5-79DB172FE17F}.Debug|Any CPU.ActiveCfg = Debug|Any CPU
		{9B663057-C508-4E2B-93E5-79DB172FE17F}.Debug|Any CPU.Build.0 = Debug|Any CPU
		{9B663057-C508-4E2B-93E5-79DB172FE17F}.Release|Any CPU.ActiveCfg = Release|Any CPU
		{9B663057-C508-4E2B-93E5-79DB172FE17F}.Release|Any CPU.Build.0 = Release|Any CPU
		{2FBDA500-A7BE-4D1E-AB89-2155E9A81D43}.Debug|Any CPU.ActiveCfg = Debug|Any CPU
		{2FBDA500-A7BE-4D1E-AB89-2155E9A81D43}.Debug|Any CPU.Build.0 = Debug|Any CPU
		{2FBDA500-A7BE-4D1E-AB89-2155E9A81D43}.Release|Any CPU.ActiveCfg = Release|Any CPU
		{2FBDA500-A7BE-4D1E-AB89-2155E9A81D43}.Release|Any CPU.Build.0 = Release|Any CPU
		{439E7A6A-499E-47D7-BF53-5DCF4038C631}.Debug|Any CPU.ActiveCfg = Debug|Any CPU
		{439E7A6A-499E-47D7-BF53-5DCF4038C631}.Release|Any CPU.ActiveCfg = Release|Any CPU
		{BC5284D8-9545-49F8-8A9E-8161CC9AD21E}.Debug|Any CPU.ActiveCfg = Debug|Any CPU
		{BC5284D8-9545-49F8-8A9E-8161CC9AD21E}.Release|Any CPU.ActiveCfg = Release|Any CPU
		{02D12A9F-2305-4597-80BF-3671743AF88D}.Debug|Any CPU.ActiveCfg = Debug|Any CPU
		{02D12A9F-2305-4597-80BF-3671743AF88D}.Debug|Any CPU.Build.0 = Debug|Any CPU
		{02D12A9F-2305-4597-80BF-3671743AF88D}.Release|Any CPU.ActiveCfg = Release|Any CPU
		{02D12A9F-2305-4597-80BF-3671743AF88D}.Release|Any CPU.Build.0 = Release|Any CPU
		{DB0644FF-D410-4E5F-B1F5-8A2A802C4C95}.Debug|Any CPU.ActiveCfg = Debug|Any CPU
		{DB0644FF-D410-4E5F-B1F5-8A2A802C4C95}.Debug|Any CPU.Build.0 = Debug|Any CPU
		{DB0644FF-D410-4E5F-B1F5-8A2A802C4C95}.Release|Any CPU.ActiveCfg = Release|Any CPU
		{DB0644FF-D410-4E5F-B1F5-8A2A802C4C95}.Release|Any CPU.Build.0 = Release|Any CPU
		{1E6321E0-5920-4D0D-8639-342C305089BC}.Debug|Any CPU.ActiveCfg = Debug|Any CPU
		{1E6321E0-5920-4D0D-8639-342C305089BC}.Debug|Any CPU.Build.0 = Debug|Any CPU
		{1E6321E0-5920-4D0D-8639-342C305089BC}.Release|Any CPU.ActiveCfg = Release|Any CPU
		{1E6321E0-5920-4D0D-8639-342C305089BC}.Release|Any CPU.Build.0 = Release|Any CPU
		{3D27EA05-1166-44E0-8339-B1E14B186E18}.Debug|Any CPU.ActiveCfg = Debug|Any CPU
		{3D27EA05-1166-44E0-8339-B1E14B186E18}.Release|Any CPU.ActiveCfg = Release|Any CPU
		{F3315E61-A9DB-4B89-B353-BC88D180C2E5}.Debug|Any CPU.ActiveCfg = Debug|Any CPU
		{F3315E61-A9DB-4B89-B353-BC88D180C2E5}.Release|Any CPU.ActiveCfg = Release|Any CPU
		{3A9E6DF3-4CC6-437D-B3A1-567D32504A84}.Debug|Any CPU.ActiveCfg = Debug|Any CPU
		{3A9E6DF3-4CC6-437D-B3A1-567D32504A84}.Debug|Any CPU.Build.0 = Debug|Any CPU
		{3A9E6DF3-4CC6-437D-B3A1-567D32504A84}.Release|Any CPU.ActiveCfg = Release|Any CPU
		{3A9E6DF3-4CC6-437D-B3A1-567D32504A84}.Release|Any CPU.Build.0 = Release|Any CPU
	EndGlobalSection
	GlobalSection(SolutionProperties) = preSolution
		HideSolutionNode = FALSE
	EndGlobalSection
EndGlobal
